
Microsoft Visual Studio Solution File, Format Version 12.00
# Visual Studio Version 16
VisualStudioVersion = 16.0.30907.101
MinimumVisualStudioVersion = 10.0.40219.1
Project("{FAE04EC0-301F-11D3-BF4B-00C04F79EFBC}") = "Vidly", "Vidly\Vidly.csproj", "{2EBE8055-3538-4813-83A0-7C52CA99174F}"
EndProject
Global
	GlobalSection(SolutionConfigurationPlatforms) = preSolution
		Debug|Any CPU = Debug|Any CPU
		Release|Any CPU = Release|Any CPU
	EndGlobalSection
	GlobalSection(ProjectConfigurationPlatforms) = postSolution
		{2EBE8055-3538-4813-83A0-7C52CA99174F}.Debug|Any CPU.ActiveCfg = Debug|Any CPU
		{2EBE8055-3538-4813-83A0-7C52CA99174F}.Debug|Any CPU.Build.0 = Debug|Any CPU
		{2EBE8055-3538-4813-83A0-7C52CA99174F}.Release|Any CPU.ActiveCfg = Release|Any CPU
		{2EBE8055-3538-4813-83A0-7C52CA99174F}.Release|Any CPU.Build.0 = Release|Any CPU
	EndGlobalSection
	GlobalSection(SolutionProperties) = preSolution
		HideSolutionNode = FALSE
	EndGlobalSection
	GlobalSection(ExtensibilityGlobals) = postSolution
		SolutionGuid = {8C3802AA-30BD-4E32-BA42-3BBEF0B55A81}
	EndGlobalSection
EndGlobal
